
Microsoft Visual Studio Solution File, Format Version 12.00
# Visual Studio Version 16
VisualStudioVersion = 16.0.29411.108
MinimumVisualStudioVersion = 10.0.40219.1
Project("{FAE04EC0-301F-11D3-BF4B-00C04F79EFBC}") = "CarProject", "CarProject\CarProject.csproj", "{7BFD1D8B-E92C-48DE-AC0F-CF09A190587A}"
EndProject
Global
	GlobalSection(SolutionConfigurationPlatforms) = preSolution
		Debug|Any CPU = Debug|Any CPU
		Release|Any CPU = Release|Any CPU
	EndGlobalSection
	GlobalSection(ProjectConfigurationPlatforms) = postSolution
		{7BFD1D8B-E92C-48DE-AC0F-CF09A190587A}.Debug|Any CPU.ActiveCfg = Debug|Any CPU
		{7BFD1D8B-E92C-48DE-AC0F-CF09A190587A}.Debug|Any CPU.Build.0 = Debug|Any CPU
		{7BFD1D8B-E92C-48DE-AC0F-CF09A190587A}.Release|Any CPU.ActiveCfg = Release|Any CPU
		{7BFD1D8B-E92C-48DE-AC0F-CF09A190587A}.Release|Any CPU.Build.0 = Release|Any CPU
	EndGlobalSection
	GlobalSection(SolutionProperties) = preSolution
		HideSolutionNode = FALSE
	EndGlobalSection
	GlobalSection(ExtensibilityGlobals) = postSolution
		SolutionGuid = {3FE416CB-37BD-455F-AF3B-0ED08FA2DFE6}
	EndGlobalSection
EndGlobal
